
Microsoft Visual Studio Solution File, Format Version 12.00
# Visual Studio Version 17
VisualStudioVersion = 17.4.33205.214
MinimumVisualStudioVersion = 10.0.40219.1
Project("{2150E333-8FDC-42A3-9474-1A3956D46DE8}") = "Application", "Application", "{2C00E23D-44DA-4252-AD1C-0A12214D436C}"
EndProject
Project("{9A19103F-16F7-4668-BE54-9A1E7A4F7556}") = "DependencyRoomBooking", "Application\DependencyRoomBooking.csproj", "{0AA1AEED-9919-4CB6-9C65-6187D1D7AE85}"
EndProject
Project("{2150E333-8FDC-42A3-9474-1A3956D46DE8}") = "Domain", "Domain", "{E61ED902-CD60-4D01-BCF3-CCE008B36FD3}"
EndProject
Project("{2150E333-8FDC-42A3-9474-1A3956D46DE8}") = "Tests", "Tests", "{075C7190-2529-4F43-872A-73418A4DE62B}"
EndProject
Project("{9A19103F-16F7-4668-BE54-9A1E7A4F7556}") = "Repositories_UnitTests", "Repositories_UnitTests\Repositories_UnitTests.csproj", "{500A2D5A-7579-40D2-828D-66C637BD57E2}"
EndProject
Project("{9A19103F-16F7-4668-BE54-9A1E7A4F7556}") = "Converters_UnitTests", "Converters_UnitTests\Converters_UnitTests.csproj", "{30D551B9-6F3C-42D7-8B0E-AA172712A77A}"
EndProject
Project("{9A19103F-16F7-4668-BE54-9A1E7A4F7556}") = "Handler_UnitTests", "Handler_UnitTests\Handler_UnitTests.csproj", "{B2577929-3D5C-4947-ADAD-B4D2CF861A1F}"
EndProject
Project("{9A19103F-16F7-4668-BE54-9A1E7A4F7556}") = "TestsTools", "TestsTools\TestsTools.csproj", "{4B177BC0-369E-47B4-8B9F-3A26067E5BE9}"
EndProject
Project("{9A19103F-16F7-4668-BE54-9A1E7A4F7556}") = "FakeRepositories_UnitTests", "FakeRepositories_UnitTests\FakeRepositories_UnitTests.csproj", "{EEFA9E18-0E04-464F-BC01-A1D186C3AD15}"
EndProject
Project("{2150E333-8FDC-42A3-9474-1A3956D46DE8}") = "TestsTools_Tests", "TestsTools_Tests", "{73C0DEB9-7BD5-4600-B540-10E6994E0890}"
EndProject
Project("{2150E333-8FDC-42A3-9474-1A3956D46DE8}") = "Domain_Tests", "Domain_Tests", "{17DE10B2-6122-444D-A06B-B928500F8CE1}"
EndProject
Project("{2150E333-8FDC-42A3-9474-1A3956D46DE8}") = "Tools", "Tools", "{3563D066-CDCA-4FD0-A830-9E57261FB3AA}"
EndProject
Project("{2150E333-8FDC-42A3-9474-1A3956D46DE8}") = "Infrastructure", "Infrastructure", "{9557FBE8-629B-4FC8-8F16-9FBFBF54C5B8}"
EndProject
Project("{FAE04EC0-301F-11D3-BF4B-00C04F79EFBC}") = "RoomBooking.Infrastructure", "RoomBooking.Infrastructure\RoomBooking.Infrastructure.csproj", "{3DC79CB9-E442-4140-B8AA-BE54116D33D6}"
EndProject
Project("{FAE04EC0-301F-11D3-BF4B-00C04F79EFBC}") = "RoomBooking.Entities", "RoomBooking.Entities\RoomBooking.Entities.csproj", "{1954E77C-E928-4C7B-86A9-3F249A6F412C}"
EndProject
Project("{FAE04EC0-301F-11D3-BF4B-00C04F79EFBC}") = "RoomBook.BusinessLogic", "RoomBook.BusinessLogic\RoomBook.BusinessLogic.csproj", "{DB5649D4-5E53-45B4-A703-66B2E7A73CCC}"
EndProject
Project("{FAE04EC0-301F-11D3-BF4B-00C04F79EFBC}") = "RoomBooking.InfrastructureServices", "RoomBooking.InfrastructureServices\RoomBooking.InfrastructureServices.csproj", "{3A7F6DB4-F7D3-4DDE-BB7F-EA7B4D682802}"
EndProject
Project("{FAE04EC0-301F-11D3-BF4B-00C04F79EFBC}") = "FakeInfrastructureServices_UnitTests", "FakeInfrastructureServices_UnitTests\FakeInfrastructureServices_UnitTests.csproj", "{BD4E88C1-5E05-4EB4-83A7-CB11B1A402F4}"
EndProject
Global
	GlobalSection(SolutionConfigurationPlatforms) = preSolution
		Debug|Any CPU = Debug|Any CPU
		Release|Any CPU = Release|Any CPU
	EndGlobalSection
	GlobalSection(ProjectConfigurationPlatforms) = postSolution
		{0AA1AEED-9919-4CB6-9C65-6187D1D7AE85}.Debug|Any CPU.ActiveCfg = Debug|Any CPU
		{0AA1AEED-9919-4CB6-9C65-6187D1D7AE85}.Debug|Any CPU.Build.0 = Debug|Any CPU
		{0AA1AEED-9919-4CB6-9C65-6187D1D7AE85}.Release|Any CPU.ActiveCfg = Release|Any CPU
		{0AA1AEED-9919-4CB6-9C65-6187D1D7AE85}.Release|Any CPU.Build.0 = Release|Any CPU
		{500A2D5A-7579-40D2-828D-66C637BD57E2}.Debug|Any CPU.ActiveCfg = Debug|Any CPU
		{500A2D5A-7579-40D2-828D-66C637BD57E2}.Debug|Any CPU.Build.0 = Debug|Any CPU
		{500A2D5A-7579-40D2-828D-66C637BD57E2}.Release|Any CPU.ActiveCfg = Release|Any CPU
		{500A2D5A-7579-40D2-828D-66C637BD57E2}.Release|Any CPU.Build.0 = Release|Any CPU
		{30D551B9-6F3C-42D7-8B0E-AA172712A77A}.Debug|Any CPU.ActiveCfg = Debug|Any CPU
		{30D551B9-6F3C-42D7-8B0E-AA172712A77A}.Debug|Any CPU.Build.0 = Debug|Any CPU
		{30D551B9-6F3C-42D7-8B0E-AA172712A77A}.Release|Any CPU.ActiveCfg = Release|Any CPU
		{30D551B9-6F3C-42D7-8B0E-AA172712A77A}.Release|Any CPU.Build.0 = Release|Any CPU
		{B2577929-3D5C-4947-ADAD-B4D2CF861A1F}.Debug|Any CPU.ActiveCfg = Debug|Any CPU
		{B2577929-3D5C-4947-ADAD-B4D2CF861A1F}.Debug|Any CPU.Build.0 = Debug|Any CPU
		{B2577929-3D5C-4947-ADAD-B4D2CF861A1F}.Release|Any CPU.ActiveCfg = Release|Any CPU
		{B2577929-3D5C-4947-ADAD-B4D2CF861A1F}.Release|Any CPU.Build.0 = Release|Any CPU
		{4B177BC0-369E-47B4-8B9F-3A26067E5BE9}.Debug|Any CPU.ActiveCfg = Debug|Any CPU
		{4B177BC0-369E-47B4-8B9F-3A26067E5BE9}.Debug|Any CPU.Build.0 = Debug|Any CPU
		{4B177BC0-369E-47B4-8B9F-3A26067E5BE9}.Release|Any CPU.ActiveCfg = Release|Any CPU
		{4B177BC0-369E-47B4-8B9F-3A26067E5BE9}.Release|Any CPU.Build.0 = Release|Any CPU
		{EEFA9E18-0E04-464F-BC01-A1D186C3AD15}.Debug|Any CPU.ActiveCfg = Debug|Any CPU
		{EEFA9E18-0E04-464F-BC01-A1D186C3AD15}.Debug|Any CPU.Build.0 = Debug|Any CPU
		{EEFA9E18-0E04-464F-BC01-A1D186C3AD15}.Release|Any CPU.ActiveCfg = Release|Any CPU
		{EEFA9E18-0E04-464F-BC01-A1D186C3AD15}.Release|Any CPU.Build.0 = Release|Any CPU
		{3DC79CB9-E442-4140-B8AA-BE54116D33D6}.Debug|Any CPU.ActiveCfg = Debug|Any CPU
		{3DC79CB9-E442-4140-B8AA-BE54116D33D6}.Debug|Any CPU.Build.0 = Debug|Any CPU
		{3DC79CB9-E442-4140-B8AA-BE54116D33D6}.Release|Any CPU.ActiveCfg = Release|Any CPU
		{3DC79CB9-E442-4140-B8AA-BE54116D33D6}.Release|Any CPU.Build.0 = Release|Any CPU
		{1954E77C-E928-4C7B-86A9-3F249A6F412C}.Debug|Any CPU.ActiveCfg = Debug|Any CPU
		{1954E77C-E928-4C7B-86A9-3F249A6F412C}.Debug|Any CPU.Build.0 = Debug|Any CPU
		{1954E77C-E928-4C7B-86A9-3F249A6F412C}.Release|Any CPU.ActiveCfg = Release|Any CPU
		{1954E77C-E928-4C7B-86A9-3F249A6F412C}.Release|Any CPU.Build.0 = Release|Any CPU
		{DB5649D4-5E53-45B4-A703-66B2E7A73CCC}.Debug|Any CPU.ActiveCfg = Debug|Any CPU
		{DB5649D4-5E53-45B4-A703-66B2E7A73CCC}.Debug|Any CPU.Build.0 = Debug|Any CPU
		{DB5649D4-5E53-45B4-A703-66B2E7A73CCC}.Release|Any CPU.ActiveCfg = Release|Any CPU
		{DB5649D4-5E53-45B4-A703-66B2E7A73CCC}.Release|Any CPU.Build.0 = Release|Any CPU
		{3A7F6DB4-F7D3-4DDE-BB7F-EA7B4D682802}.Debug|Any CPU.ActiveCfg = Debug|Any CPU
		{3A7F6DB4-F7D3-4DDE-BB7F-EA7B4D682802}.Debug|Any CPU.Build.0 = Debug|Any CPU
		{3A7F6DB4-F7D3-4DDE-BB7F-EA7B4D682802}.Release|Any CPU.ActiveCfg = Release|Any CPU
		{3A7F6DB4-F7D3-4DDE-BB7F-EA7B4D682802}.Release|Any CPU.Build.0 = Release|Any CPU
		{BD4E88C1-5E05-4EB4-83A7-CB11B1A402F4}.Debug|Any CPU.ActiveCfg = Debug|Any CPU
		{BD4E88C1-5E05-4EB4-83A7-CB11B1A402F4}.Debug|Any CPU.Build.0 = Debug|Any CPU
		{BD4E88C1-5E05-4EB4-83A7-CB11B1A402F4}.Release|Any CPU.ActiveCfg = Release|Any CPU
		{BD4E88C1-5E05-4EB4-83A7-CB11B1A402F4}.Release|Any CPU.Build.0 = Release|Any CPU
	EndGlobalSection
	GlobalSection(SolutionProperties) = preSolution
		HideSolutionNode = FALSE
	EndGlobalSection
	GlobalSection(NestedProjects) = preSolution
		{0AA1AEED-9919-4CB6-9C65-6187D1D7AE85} = {2C00E23D-44DA-4252-AD1C-0A12214D436C}
		{500A2D5A-7579-40D2-828D-66C637BD57E2} = {17DE10B2-6122-444D-A06B-B928500F8CE1}
		{30D551B9-6F3C-42D7-8B0E-AA172712A77A} = {17DE10B2-6122-444D-A06B-B928500F8CE1}
		{B2577929-3D5C-4947-ADAD-B4D2CF861A1F} = {17DE10B2-6122-444D-A06B-B928500F8CE1}
		{4B177BC0-369E-47B4-8B9F-3A26067E5BE9} = {3563D066-CDCA-4FD0-A830-9E57261FB3AA}
		{EEFA9E18-0E04-464F-BC01-A1D186C3AD15} = {73C0DEB9-7BD5-4600-B540-10E6994E0890}
		{73C0DEB9-7BD5-4600-B540-10E6994E0890} = {075C7190-2529-4F43-872A-73418A4DE62B}
		{17DE10B2-6122-444D-A06B-B928500F8CE1} = {075C7190-2529-4F43-872A-73418A4DE62B}
		{3563D066-CDCA-4FD0-A830-9E57261FB3AA} = {075C7190-2529-4F43-872A-73418A4DE62B}
		{3DC79CB9-E442-4140-B8AA-BE54116D33D6} = {9557FBE8-629B-4FC8-8F16-9FBFBF54C5B8}
		{1954E77C-E928-4C7B-86A9-3F249A6F412C} = {E61ED902-CD60-4D01-BCF3-CCE008B36FD3}
		{DB5649D4-5E53-45B4-A703-66B2E7A73CCC} = {E61ED902-CD60-4D01-BCF3-CCE008B36FD3}
		{3A7F6DB4-F7D3-4DDE-BB7F-EA7B4D682802} = {9557FBE8-629B-4FC8-8F16-9FBFBF54C5B8}
		{BD4E88C1-5E05-4EB4-83A7-CB11B1A402F4} = {73C0DEB9-7BD5-4600-B540-10E6994E0890}
	EndGlobalSection
	GlobalSection(ExtensibilityGlobals) = postSolution
		SolutionGuid = {07DED681-12B3-4C04-B6C6-2AF53259B09C}
	EndGlobalSection
EndGlobal
